
Microsoft Visual Studio Solution File, Format Version 12.00
# Visual Studio Version 17
VisualStudioVersion = 17.7.34031.279
MinimumVisualStudioVersion = 10.0.40219.1
Project("{FAE04EC0-301F-11D3-BF4B-00C04F79EFBC}") = "E-ecommerceAssignment.APi", "E-ecommerceAssignment.APi\E-ecommerceAssignment.APi.csproj", "{F269278F-4205-4A7F-9B92-A49EB6E3F19C}"
EndProject
Project("{FAE04EC0-301F-11D3-BF4B-00C04F79EFBC}") = "E-ecommerceAssignment.EF", "E-ecommerceAssignment.EF\E-ecommerceAssignment.EF.csproj", "{C3869397-9DA8-403C-BBBE-1DF81A2208AD}"
EndProject
Global
	GlobalSection(SolutionConfigurationPlatforms) = preSolution
		Debug|Any CPU = Debug|Any CPU
		Release|Any CPU = Release|Any CPU
	EndGlobalSection
	GlobalSection(ProjectConfigurationPlatforms) = postSolution
		{F269278F-4205-4A7F-9B92-A49EB6E3F19C}.Debug|Any CPU.ActiveCfg = Debug|Any CPU
		{F269278F-4205-4A7F-9B92-A49EB6E3F19C}.Debug|Any CPU.Build.0 = Debug|Any CPU
		{F269278F-4205-4A7F-9B92-A49EB6E3F19C}.Release|Any CPU.ActiveCfg = Release|Any CPU
		{F269278F-4205-4A7F-9B92-A49EB6E3F19C}.Release|Any CPU.Build.0 = Release|Any CPU
		{C3869397-9DA8-403C-BBBE-1DF81A2208AD}.Debug|Any CPU.ActiveCfg = Debug|Any CPU
		{C3869397-9DA8-403C-BBBE-1DF81A2208AD}.Debug|Any CPU.Build.0 = Debug|Any CPU
		{C3869397-9DA8-403C-BBBE-1DF81A2208AD}.Release|Any CPU.ActiveCfg = Release|Any CPU
		{C3869397-9DA8-403C-BBBE-1DF81A2208AD}.Release|Any CPU.Build.0 = Release|Any CPU
	EndGlobalSection
	GlobalSection(SolutionProperties) = preSolution
		HideSolutionNode = FALSE
	EndGlobalSection
	GlobalSection(ExtensibilityGlobals) = postSolution
		SolutionGuid = {864FDA20-74C0-4E14-9DD2-83E745DFD499}
	EndGlobalSection
EndGlobal
